
Microsoft Visual Studio Solution File, Format Version 12.00
# Visual Studio Version 16
VisualStudioVersion = 16.0.31515.178
MinimumVisualStudioVersion = 10.0.40219.1
Project("{FAE04EC0-301F-11D3-BF4B-00C04F79EFBC}") = "FishStoreLib", "FishStoreLib\FishStoreLib.csproj", "{8890BA5E-EA74-497D-8512-E0D885054CBF}"
EndProject
Project("{FAE04EC0-301F-11D3-BF4B-00C04F79EFBC}") = "FishStoreConsole", "FishStoreConsole\FishStoreConsole.csproj", "{0A30E182-1FA6-4683-9949-0653DF80828A}"
EndProject
Global
	GlobalSection(SolutionConfigurationPlatforms) = preSolution
		Debug|Any CPU = Debug|Any CPU
		Release|Any CPU = Release|Any CPU
	EndGlobalSection
	GlobalSection(ProjectConfigurationPlatforms) = postSolution
		{8890BA5E-EA74-497D-8512-E0D885054CBF}.Debug|Any CPU.ActiveCfg = Debug|Any CPU
		{8890BA5E-EA74-497D-8512-E0D885054CBF}.Debug|Any CPU.Build.0 = Debug|Any CPU
		{8890BA5E-EA74-497D-8512-E0D885054CBF}.Release|Any CPU.ActiveCfg = Release|Any CPU
		{8890BA5E-EA74-497D-8512-E0D885054CBF}.Release|Any CPU.Build.0 = Release|Any CPU
		{0A30E182-1FA6-4683-9949-0653DF80828A}.Debug|Any CPU.ActiveCfg = Debug|Any CPU
		{0A30E182-1FA6-4683-9949-0653DF80828A}.Debug|Any CPU.Build.0 = Debug|Any CPU
		{0A30E182-1FA6-4683-9949-0653DF80828A}.Release|Any CPU.ActiveCfg = Release|Any CPU
		{0A30E182-1FA6-4683-9949-0653DF80828A}.Release|Any CPU.Build.0 = Release|Any CPU
	EndGlobalSection
	GlobalSection(SolutionProperties) = preSolution
		HideSolutionNode = FALSE
	EndGlobalSection
	GlobalSection(ExtensibilityGlobals) = postSolution
		SolutionGuid = {B10062C2-3C2A-433D-9436-B828B4E28931}
	EndGlobalSection
EndGlobal
